# This is a Gradle generated file for dependency locking.
# Manual edits can break the build and are not advised.
# This file is expected to be part of source control.
androidx.annotation:annotation-jvm:1.8.1=debugCompileClasspath,debugRuntimeClasspath
androidx.annotation:annotation:1.8.1=debugCompileClasspath,debugRuntimeClasspath
androidx.arch.core:core-common:2.0.0=debugCompileClasspath,debugRuntimeClasspath
androidx.collection:collection:1.0.0=debugCompileClasspath,debugRuntimeClasspath
androidx.concurrent:concurrent-futures:1.0.0=debugCompileClasspath,debugRuntimeClasspath
androidx.core:core:1.1.0=debugCompileClasspath,debugRuntimeClasspath
androidx.javascriptengine:javascriptengine:1.1.0=debugCompileClasspath,debugRuntimeClasspath
androidx.lifecycle:lifecycle-common:2.0.0=debugCompileClasspath,debugRuntimeClasspath
androidx.lifecycle:lifecycle-runtime:2.0.0=debugCompileClasspath,debugRuntimeClasspath
androidx.versionedparcelable:versionedparcelable:1.1.0=debugCompileClasspath,debugRuntimeClasspath
com.google.code.findbugs:jsr305:3.0.2=debugCompileClasspath,debugRuntimeClasspath
com.google.errorprone:error_prone_annotations:2.18.0=debugCompileClasspath,debugRuntimeClasspath
com.google.guava:failureaccess:1.0.1=debugCompileClasspath,debugRuntimeClasspath
com.google.guava:guava:32.0.1-android=debugCompileClasspath,debugRuntimeClasspath
com.google.guava:listenablefuture:9999.0-empty-to-avoid-conflict-with-guava=debugCompileClasspath,debugRuntimeClasspath
com.google.j2objc:j2objc-annotations:2.8=debugCompileClasspath,debugRuntimeClasspath
org.checkerframework:checker-qual:3.33.0=debugCompileClasspath,debugRuntimeClasspath
org.jetbrains.kotlin:kotlin-stdlib:2.1.20=debugCompileClasspath,debugRuntimeClasspath
org.jetbrains:annotations:13.0=debugCompileClasspath,debugRuntimeClasspath
org.jspecify:jspecify:1.0.0=debugCompileClasspath,debugRuntimeClasspath
empty=androidApis,androidJdkImage,debugAnnotationProcessorClasspath,debugReverseMetadataValues
